{
  "name": "Landing Page Website",
  "lockfileVersion": 3,
  "requires": true,
  "packages": {
    "": {
      "dependencies": {
        "@mariohamann/activity-graph": "^1.0.5",
        "typed.js": "^2.1.0"
      }
    },
    "node_modules/@mariohamann/activity-graph": {
      "version": "1.0.5",
      "resolved": "https://registry.npmjs.org/@mariohamann/activity-graph/-/activity-graph-1.0.5.tgz",
      "integrity": "sha512-tyNKxqnPs8kCMltAXU/L/xKvthYS+MFwXK9ErcjdGKIs8ZwGiHj1E/fotX0Lrhpdxil0lqNz3Ggh6tS58qDvLw=="
    },
    "node_modules/typed.js": {
      "version": "2.1.0",
      "resolved": "https://registry.npmjs.org/typed.js/-/typed.js-2.1.0.tgz",
      "integrity": "sha512-bDuXEf7YcaKN4g08NMTUM6G90XU25CK3bh6U0THC/Mod/QPKlEt9g/EjvbYB8x2Qwr2p6J6I3NrsoYaVnY6wsQ=="
    }
  }
}
